github.com/charmbracelet/bubbletea v0.10.2 h1:He5Ybch9TiqErJH2B02JUNkPU36GnPwXCuxwASGZyn4=
github.com/charmbracelet/bubbletea v0.10.2/go.mod h1:wjGGC5pyYvpuls0so+w4Zv+aZQW7RoPvsi9UBcDlSl8=
github.com/google/goterm v0.0.0-20190703233501-fc88cf888a3f h1:5CjVwnuUcp5adK4gmY6i72gpVFVnZDP2h5TmPScB6u4=
github.com/google/goterm v0.0.0-20190703233501-fc88cf888a3f/go.mod h1:nOFQdrUlIlx6M6ODdSpBj1NVA+VgLC6kmw60mkw34H4=
github.com/lucasb-eyer/go-colorful v1.0.3 h1:QIbQXiugsb+q10B+MI+7DI1oQLdmnep86tWFlaaUAac=
github.com/lucasb-eyer/go-colorful v1.0.3/go.mod h1:R4dSotOR9KMtayYi1e77YzuveK+i7ruzyGqttikkLy0=
github.com/mattn/go-isatty v0.0.12 h1:wuysRhFDzyxgEmMf5xjvJ2M9dZoWAXNNr5LSBS7uHXY=
github.com/mattn/go-isatty v0.0.12/go.mod h1:cbi8OIDigv2wuxKPP5vlRcQ1OAZbq2CE4Kysco4FUpU=
github.com/mattn/go-runewidth v0.0.9 h1:Lm995f3rfxdpd6TSmuVCHVb/QhupuXlYr8sCI/QdE+0=
github.com/mattn/go-runewidth v0.0.9/go.mod h1:H031xJmbD/WCDINGzjvQ9THkh0rPKHF+m2gUSrubnMI=
github.com/muesli/termenv v0.5.3-0.20200625163851-04b5c30e4c04 h1:Wr876oXlAk6avTWi0daXAriOr+r5fqIuyDmtNc/KwY0=
github.com/muesli/termenv v0.5.3-0.20200625163851-04b5c30e4c04/go.mod h1:O1/I6sw+6KcrgAmcs6uiUVr7Lui+DNVbHTzt9Lm/PlI=
github.com/muesli/termenv v0.6.0 h1:zxvzTBmo4ZcxhNGGWeMz+Tttm51eF5bmPjfy4MCRYlk=
github.com/muesli/termenv v0.6.0/go.mod h1:SohX91w6swWA4AYU+QmPx+aSgXhWO0juiyID9UZmbpA=
github.com/pkg/term v0.0.0-20200520122047-c3ffed290a03 h1:pd4YKIqCB0U7O2I4gWHgEUA2mCEOENmco0l/bM957bU=
github.com/pkg/term v0.0.0-20200520122047-c3ffed290a03/go.mod h1:Z9+Ul5bCbBKnbCvdOWbLqTHhJiYV414CURZJba6L8qA=
golang.org/x/crypto v0.0.0-20190308221718-c2843e01d9a2/go.mod h1:djNgcEr1/C05ACkg1iLfiJU5Ep61QUkGW8qpdssI0+w=
golang.org/x/crypto v0.0.0-20200604202706-70a84ac30bf9 h1:vEg9joUBmeBcK9iSJftGNf3coIG4HqZElCPehJsfAYM=
golang.org/x/crypto v0.0.0-20200604202706-70a84ac30bf9/go.mod h1:LzIPMQfyMNhhGPhUkYOs5KpL4U8rLKemX1yGLhDgUto=
golang.org/x/crypto v0.0.0-20200709230013-948cd5f35899 h1:DZhuSZLsGlFL4CmhA8BcRA0mnthyA/nZ00AqCUo7vHg=
golang.org/x/crypto v0.0.0-20200709230013-948cd5f35899/go.mod h1:LzIPMQfyMNhhGPhUkYOs5KpL4U8rLKemX1yGLhDgUto=
golang.org/x/net v0.0.0-20190404232315-eb5bcb51f2a3/go.mod h1:t9HGtf8HONx5eT2rtn7q6eTqICYqUVnKs3thJo3Qplg=
golang.org/x/sys v0.0.0-20190215142949-d0b11bdaac8a/go.mod h1:STP8DvDyc/dI5b8T5hshtkjS+E42TnysNCUPdjciGhY=
golang.org/x/sys v0.0.0-20190412213103-97732733099d/go.mod h1:h1NjWce9XRLGQEsW7wpKNCjG9DtNlClVuFLEZdDNbEs=
golang.org/x/sys v0.0.0-20200116001909-b77594299b42/go.mod h1:h1NjWce9XRLGQEsW7wpKNCjG9DtNlClVuFLEZdDNbEs=
golang.org/x/sys v0.0.0-20200622214017-ed371f2e16b4 h1:5/PjkGUjvEU5Gl6BxmvKRPpqo2uNMv4rcHBMwzk/st8=
golang.org/x/sys v0.0.0-20200622214017-ed371f2e16b4/go.mod h1:h1NjWce9XRLGQEsW7wpKNCjG9DtNlClVuFLEZdDNbEs=
golang.org/x/sys v0.0.0-20200722175500-76b94024e4b6 h1:X9xIZ1YU8bLZA3l6gqDUHSFiD0GFI9S548h6C8nDtOY=
golang.org/x/sys v0.0.0-20200722175500-76b94024e4b6/go.mod h1:h1NjWce9XRLGQEsW7wpKNCjG9DtNlClVuFLEZdDNbEs=
golang.org/x/text v0.3.0/go.mod h1:NqM8EUOU14njkJ3fqMW+pc6Ldnwhi/IjpwHt7yyuwOQ=
